// !$*UTF8*$!
{
	archiveVersion = 1;
	classes = {
	};
	objectVersion = 56;
	objects = {

/* Begin PBXBuildFile section */
		7E0494DA2CAF3CC80092D7AD /* Liverpool_AppApp.swift in Sources */ = {isa = PBXBuildFile; fileRef = 7E0494D92CAF3CC80092D7AD /* Liverpool_AppApp.swift */; };
		7E0494DC2CAF3CC80092D7AD /* ContentView.swift in Sources */ = {isa = PBXBuildFile; fileRef = 7E0494DB2CAF3CC80092D7AD /* ContentView.swift */; };
		7E0494DE2CAF3CC90092D7AD /* Assets.xcassets in Resources */ = {isa = PBXBuildFile; fileRef = 7E0494DD2CAF3CC90092D7AD /* Assets.xcassets */; };
		7E0494E22CAF3CC90092D7AD /* Preview Assets.xcassets in Resources */ = {isa = PBXBuildFile; fileRef = 7E0494E12CAF3CC90092D7AD /* Preview Assets.xcassets */; };
		7E0494E92CAF3F820092D7AD /* GoogleService-Info.plist in Resources */ = {isa = PBXBuildFile; fileRef = 7E0494E82CAF3F820092D7AD /* GoogleService-Info.plist */; };
		7EA965BB2CAF41D200B61358 /* FirebaseAnalytics in Frameworks */ = {isa = PBXBuildFile; productRef = 7EA965BA2CAF41D200B61358 /* FirebaseAnalytics */; };
		7EA965BD2CAF41D200B61358 /* FirebaseAnalyticsOnDeviceConversion in Frameworks */ = {isa = PBXBuildFile; productRef = 7EA965BC2CAF41D200B61358 /* FirebaseAnalyticsOnDeviceConversion */; };
		7EA965BF2CAF41D200B61358 /* FirebaseAnalyticsWithoutAdIdSupport in Frameworks */ = {isa = PBXBuildFile; productRef = 7EA965BE2CAF41D200B61358 /* FirebaseAnalyticsWithoutAdIdSupport */; };
		7EA965C12CAF41D200B61358 /* FirebaseAppCheck in Frameworks */ = {isa = PBXBuildFile; productRef = 7EA965C02CAF41D200B61358 /* FirebaseAppCheck */; };
		7EA965C32CAF41D200B61358 /* FirebaseAppDistribution-Beta in Frameworks */ = {isa = PBXBuildFile; productRef = 7EA965C22CAF41D200B61358 /* FirebaseAppDistribution-Beta */; };
		7EA965C52CAF41D200B61358 /* FirebaseAuth in Frameworks */ = {isa = PBXBuildFile; productRef = 7EA965C42CAF41D200B61358 /* FirebaseAuth */; };
		7EA965C72CAF41D200B61358 /* FirebaseAuthCombine-Community in Frameworks */ = {isa = PBXBuildFile; productRef = 7EA965C62CAF41D200B61358 /* FirebaseAuthCombine-Community */; };
		7EA965C92CAF41D200B61358 /* FirebaseCore in Frameworks */ = {isa = PBXBuildFile; productRef = 7EA965C82CAF41D200B61358 /* FirebaseCore */; };
		7EA965CB2CAF41D200B61358 /* FirebaseCrashlytics in Frameworks */ = {isa = PBXBuildFile; productRef = 7EA965CA2CAF41D200B61358 /* FirebaseCrashlytics */; };
		7EA965CD2CAF41D200B61358 /* FirebaseDatabase in Frameworks */ = {isa = PBXBuildFile; productRef = 7EA965CC2CAF41D200B61358 /* FirebaseDatabase */; };
		7EA965CF2CAF41D200B61358 /* FirebaseDynamicLinks in Frameworks */ = {isa = PBXBuildFile; productRef = 7EA965CE2CAF41D200B61358 /* FirebaseDynamicLinks */; };
		7EA965D12CAF41D200B61358 /* FirebaseFirestore in Frameworks */ = {isa = PBXBuildFile; productRef = 7EA965D02CAF41D200B61358 /* FirebaseFirestore */; };
		7EA965D32CAF41D200B61358 /* FirebaseFirestoreCombine-Community in Frameworks */ = {isa = PBXBuildFile; productRef = 7EA965D22CAF41D200B61358 /* FirebaseFirestoreCombine-Community */; };
		7EA965D52CAF41D200B61358 /* FirebaseFunctions in Frameworks */ = {isa = PBXBuildFile; productRef = 7EA965D42CAF41D200B61358 /* FirebaseFunctions */; };
		7EA965D72CAF41D200B61358 /* FirebaseFunctionsCombine-Community in Frameworks */ = {isa = PBXBuildFile; productRef = 7EA965D62CAF41D200B61358 /* FirebaseFunctionsCombine-Community */; };
		7EA965D92CAF41D200B61358 /* FirebaseInAppMessaging-Beta in Frameworks */ = {isa = PBXBuildFile; productRef = 7EA965D82CAF41D200B61358 /* FirebaseInAppMessaging-Beta */; };
		7EA965DB2CAF41D200B61358 /* FirebaseInstallations in Frameworks */ = {isa = PBXBuildFile; productRef = 7EA965DA2CAF41D200B61358 /* FirebaseInstallations */; };
		7EA965DD2CAF41D200B61358 /* FirebaseMLModelDownloader in Frameworks */ = {isa = PBXBuildFile; productRef = 7EA965DC2CAF41D200B61358 /* FirebaseMLModelDownloader */; };
		7EA965DF2CAF41D200B61358 /* FirebaseMessaging in Frameworks */ = {isa = PBXBuildFile; productRef = 7EA965DE2CAF41D200B61358 /* FirebaseMessaging */; };
		7EA965E12CAF41D200B61358 /* FirebasePerformance in Frameworks */ = {isa = PBXBuildFile; productRef = 7EA965E02CAF41D200B61358 /* FirebasePerformance */; };
		7EA965E32CAF41D200B61358 /* FirebaseRemoteConfig in Frameworks */ = {isa = PBXBuildFile; productRef = 7EA965E22CAF41D200B61358 /* FirebaseRemoteConfig */; };
		7EA965E52CAF41D200B61358 /* FirebaseStorage in Frameworks */ = {isa = PBXBuildFile; productRef = 7EA965E42CAF41D200B61358 /* FirebaseStorage */; };
		7EA965E72CAF41D200B61358 /* FirebaseStorageCombine-Community in Frameworks */ = {isa = PBXBuildFile; productRef = 7EA965E62CAF41D200B61358 /* FirebaseStorageCombine-Community */; };
		7EA965E92CAF41D200B61358 /* FirebaseVertexAI-Preview in Frameworks */ = {isa = PBXBuildFile; productRef = 7EA965E82CAF41D200B61358 /* FirebaseVertexAI-Preview */; };
		7EA965EE2CAF44E800B61358 /* LoginView.swift in Sources */ = {isa = PBXBuildFile; fileRef = 7EA965ED2CAF44E800B61358 /* LoginView.swift */; };
		7EA965F12CAF450800B61358 /* LoginViewModel.swift in Sources */ = {isa = PBXBuildFile; fileRef = 7EA965F02CAF450800B61358 /* LoginViewModel.swift */; };
		7EA965F42CAF480B00B61358 /* MainView.swift in Sources */ = {isa = PBXBuildFile; fileRef = 7EA965F32CAF480B00B61358 /* MainView.swift */; };
		7EA965F92CAF4C2D00B61358 /* FirestoreDataSource.swift in Sources */ = {isa = PBXBuildFile; fileRef = 7EA965F82CAF4C2D00B61358 /* FirestoreDataSource.swift */; };
		7EA965FC2CAF4C5600B61358 /* MainModel.swift in Sources */ = {isa = PBXBuildFile; fileRef = 7EA965FB2CAF4C5600B61358 /* MainModel.swift */; };
		7EA965FF2CAF4E5E00B61358 /* MainViewModel.swift in Sources */ = {isa = PBXBuildFile; fileRef = 7EA965FE2CAF4E5E00B61358 /* MainViewModel.swift */; };
		7EA966032CAF4F5700B61358 /* DetailsModel.swift in Sources */ = {isa = PBXBuildFile; fileRef = 7EA966022CAF4F5700B61358 /* DetailsModel.swift */; };
		7EA966062CAF4FC000B61358 /* DetailsViewModel.swift in Sources */ = {isa = PBXBuildFile; fileRef = 7EA966052CAF4FC000B61358 /* DetailsViewModel.swift */; };
		7EA966092CAF505000B61358 /* DetailsView.swift in Sources */ = {isa = PBXBuildFile; fileRef = 7EA966082CAF505000B61358 /* DetailsView.swift */; };
/* End PBXBuildFile section */

/* Begin PBXFileReference section */
		7E0494D62CAF3CC80092D7AD /* Liverpool_App.app */ = {isa = PBXFileReference; explicitFileType = wrapper.application; includeInIndex = 0; path = Liverpool_App.app; sourceTree = BUILT_PRODUCTS_DIR; };
		7E0494D92CAF3CC80092D7AD /* Liverpool_AppApp.swift */ = {isa = PBXFileReference; lastKnownFileType = sourcecode.swift; path = Liverpool_AppApp.swift; sourceTree = "<group>"; };
		7E0494DB2CAF3CC80092D7AD /* ContentView.swift */ = {isa = PBXFileReference; lastKnownFileType = sourcecode.swift; path = ContentView.swift; sourceTree = "<group>"; };
		7E0494DD2CAF3CC90092D7AD /* Assets.xcassets */ = {isa = PBXFileReference; lastKnownFileType = folder.assetcatalog; path = Assets.xcassets; sourceTree = "<group>"; };
		7E0494DF2CAF3CC90092D7AD /* Liverpool_App.entitlements */ = {isa = PBXFileReference; lastKnownFileType = text.plist.entitlements; path = Liverpool_App.entitlements; sourceTree = "<group>"; };
		7E0494E12CAF3CC90092D7AD /* Preview Assets.xcassets */ = {isa = PBXFileReference; lastKnownFileType = folder.assetcatalog; path = "Preview Assets.xcassets"; sourceTree = "<group>"; };
		7E0494E82CAF3F820092D7AD /* GoogleService-Info.plist */ = {isa = PBXFileReference; fileEncoding = 4; lastKnownFileType = text.plist.xml; path = "GoogleService-Info.plist"; sourceTree = "<group>"; };
		7EA965ED2CAF44E800B61358 /* LoginView.swift */ = {isa = PBXFileReference; lastKnownFileType = sourcecode.swift; path = LoginView.swift; sourceTree = "<group>"; };
		7EA965F02CAF450800B61358 /* LoginViewModel.swift */ = {isa = PBXFileReference; lastKnownFileType = sourcecode.swift; path = LoginViewModel.swift; sourceTree = "<group>"; };
		7EA965F32CAF480B00B61358 /* MainView.swift */ = {isa = PBXFileReference; lastKnownFileType = sourcecode.swift; path = MainView.swift; sourceTree = "<group>"; };
		7EA965F82CAF4C2D00B61358 /* FirestoreDataSource.swift */ = {isa = PBXFileReference; lastKnownFileType = sourcecode.swift; path = FirestoreDataSource.swift; sourceTree = "<group>"; };
		7EA965FB2CAF4C5600B61358 /* MainModel.swift */ = {isa = PBXFileReference; lastKnownFileType = sourcecode.swift; path = MainModel.swift; sourceTree = "<group>"; };
		7EA965FE2CAF4E5E00B61358 /* MainViewModel.swift */ = {isa = PBXFileReference; lastKnownFileType = sourcecode.swift; path = MainViewModel.swift; sourceTree = "<group>"; };
		7EA966022CAF4F5700B61358 /* DetailsModel.swift */ = {isa = PBXFileReference; lastKnownFileType = sourcecode.swift; path = DetailsModel.swift; sourceTree = "<group>"; };
		7EA966052CAF4FC000B61358 /* DetailsViewModel.swift */ = {isa = PBXFileReference; lastKnownFileType = sourcecode.swift; path = DetailsViewModel.swift; sourceTree = "<group>"; };
		7EA966082CAF505000B61358 /* DetailsView.swift */ = {isa = PBXFileReference; lastKnownFileType = sourcecode.swift; path = DetailsView.swift; sourceTree = "<group>"; };
/* End PBXFileReference section */

/* Begin PBXFrameworksBuildPhase section */
		7E0494D32CAF3CC80092D7AD /* Frameworks */ = {
			isa = PBXFrameworksBuildPhase;
			buildActionMask = 2147483647;
			files = (
				7EA965E92CAF41D200B61358 /* FirebaseVertexAI-Preview in Frameworks */,
				7EA965D32CAF41D200B61358 /* FirebaseFirestoreCombine-Community in Frameworks */,
				7EA965D52CAF41D200B61358 /* FirebaseFunctions in Frameworks */,
				7EA965E12CAF41D200B61358 /* FirebasePerformance in Frameworks */,
				7EA965E72CAF41D200B61358 /* FirebaseStorageCombine-Community in Frameworks */,
				7EA965E32CAF41D200B61358 /* FirebaseRemoteConfig in Frameworks */,
				7EA965CD2CAF41D200B61358 /* FirebaseDatabase in Frameworks */,
				7EA965CF2CAF41D200B61358 /* FirebaseDynamicLinks in Frameworks */,
				7EA965C12CAF41D200B61358 /* FirebaseAppCheck in Frameworks */,
				7EA965C52CAF41D200B61358 /* FirebaseAuth in Frameworks */,
				7EA965BB2CAF41D200B61358 /* FirebaseAnalytics in Frameworks */,
				7EA965D12CAF41D200B61358 /* FirebaseFirestore in Frameworks */,
				7EA965DF2CAF41D200B61358 /* FirebaseMessaging in Frameworks */,
				7EA965DB2CAF41D200B61358 /* FirebaseInstallations in Frameworks */,
				7EA965D72CAF41D200B61358 /* FirebaseFunctionsCombine-Community in Frameworks */,
				7EA965C32CAF41D200B61358 /* FirebaseAppDistribution-Beta in Frameworks */,
				7EA965BF2CAF41D200B61358 /* FirebaseAnalyticsWithoutAdIdSupport in Frameworks */,
				7EA965D92CAF41D200B61358 /* FirebaseInAppMessaging-Beta in Frameworks */,
				7EA965C72CAF41D200B61358 /* FirebaseAuthCombine-Community in Frameworks */,
				7EA965CB2CAF41D200B61358 /* FirebaseCrashlytics in Frameworks */,
				7EA965DD2CAF41D200B61358 /* FirebaseMLModelDownloader in Frameworks */,
				7EA965E52CAF41D200B61358 /* FirebaseStorage in Frameworks */,
				7EA965C92CAF41D200B61358 /* FirebaseCore in Frameworks */,
				7EA965BD2CAF41D200B61358 /* FirebaseAnalyticsOnDeviceConversion in Frameworks */,
			);
			runOnlyForDeploymentPostprocessing = 0;
		};
/* End PBXFrameworksBuildPhase section */

/* Begin PBXGroup section */
		7E0494CD2CAF3CC80092D7AD = {
			isa = PBXGroup;
			children = (
				7E0494D82CAF3CC80092D7AD /* Liverpool_App */,
				7E0494D72CAF3CC80092D7AD /* Products */,
			);
			sourceTree = "<group>";
		};
		7E0494D72CAF3CC80092D7AD /* Products */ = {
			isa = PBXGroup;
			children = (
				7E0494D62CAF3CC80092D7AD /* Liverpool_App.app */,
			);
			name = Products;
			sourceTree = "<group>";
		};
		7E0494D82CAF3CC80092D7AD /* Liverpool_App */ = {
			isa = PBXGroup;
			children = (
				7EA965F72CAF4C0300B61358 /* FireBaseConfiguration */,
				7EA965EA2CAF44C700B61358 /* MVVM */,
				7E0494D92CAF3CC80092D7AD /* Liverpool_AppApp.swift */,
				7E0494DB2CAF3CC80092D7AD /* ContentView.swift */,
				7E0494DD2CAF3CC90092D7AD /* Assets.xcassets */,
				7E0494DF2CAF3CC90092D7AD /* Liverpool_App.entitlements */,
				7E0494E82CAF3F820092D7AD /* GoogleService-Info.plist */,
				7E0494E02CAF3CC90092D7AD /* Preview Content */,
			);
			path = Liverpool_App;
			sourceTree = "<group>";
		};
		7E0494E02CAF3CC90092D7AD /* Preview Content */ = {
			isa = PBXGroup;
			children = (
				7E0494E12CAF3CC90092D7AD /* Preview Assets.xcassets */,
			);
			path = "Preview Content";
			sourceTree = "<group>";
		};
		7EA965EA2CAF44C700B61358 /* MVVM */ = {
			isa = PBXGroup;
			children = (
				7EA966002CAF4F3600B61358 /* MessageDetail */,
				7EA965F22CAF47EF00B61358 /* Dashboard */,
				7EA965EB2CAF44D200B61358 /* Login */,
			);
			path = MVVM;
			sourceTree = "<group>";
		};
		7EA965EB2CAF44D200B61358 /* Login */ = {
			isa = PBXGroup;
			children = (
				7EA965EF2CAF44EC00B61358 /* ViewModel */,
				7EA965EC2CAF44DA00B61358 /* View */,
			);
			path = Login;
			sourceTree = "<group>";
		};
		7EA965EC2CAF44DA00B61358 /* View */ = {
			isa = PBXGroup;
			children = (
				7EA965ED2CAF44E800B61358 /* LoginView.swift */,
			);
			path = View;
			sourceTree = "<group>";
		};
		7EA965EF2CAF44EC00B61358 /* ViewModel */ = {
			isa = PBXGroup;
			children = (
				7EA965F02CAF450800B61358 /* LoginViewModel.swift */,
			);
			path = ViewModel;
			sourceTree = "<group>";
		};
		7EA965F22CAF47EF00B61358 /* Dashboard */ = {
			isa = PBXGroup;
			children = (
				7EA965FD2CAF4E4400B61358 /* MainViewModel */,
				7EA965FA2CAF4C4600B61358 /* Model */,
				7EA965F52CAF480E00B61358 /* View */,
			);
			path = Dashboard;
			sourceTree = "<group>";
		};
		7EA965F52CAF480E00B61358 /* View */ = {
			isa = PBXGroup;
			children = (
				7EA965F32CAF480B00B61358 /* MainView.swift */,
			);
			path = View;
			sourceTree = "<group>";
		};
		7EA965F72CAF4C0300B61358 /* FireBaseConfiguration */ = {
			isa = PBXGroup;
			children = (
				7EA965F82CAF4C2D00B61358 /* FirestoreDataSource.swift */,
			);
			path = FireBaseConfiguration;
			sourceTree = "<group>";
		};
		7EA965FA2CAF4C4600B61358 /* Model */ = {
			isa = PBXGroup;
			children = (
				7EA965FB2CAF4C5600B61358 /* MainModel.swift */,
			);
			path = Model;
			sourceTree = "<group>";
		};
		7EA965FD2CAF4E4400B61358 /* MainViewModel */ = {
			isa = PBXGroup;
			children = (
				7EA965FE2CAF4E5E00B61358 /* MainViewModel.swift */,
			);
			path = MainViewModel;
			sourceTree = "<group>";
		};
		7EA966002CAF4F3600B61358 /* MessageDetail */ = {
			isa = PBXGroup;
			children = (
				7EA966072CAF504200B61358 /* View */,
				7EA966042CAF4FAD00B61358 /* ViewModel */,
				7EA966012CAF4F4600B61358 /* Model */,
			);
			path = MessageDetail;
			sourceTree = "<group>";
		};
		7EA966012CAF4F4600B61358 /* Model */ = {
			isa = PBXGroup;
			children = (
				7EA966022CAF4F5700B61358 /* DetailsModel.swift */,
			);
			path = Model;
			sourceTree = "<group>";
		};
		7EA966042CAF4FAD00B61358 /* ViewModel */ = {
			isa = PBXGroup;
			children = (
				7EA966052CAF4FC000B61358 /* DetailsViewModel.swift */,
			);
			path = ViewModel;
			sourceTree = "<group>";
		};
		7EA966072CAF504200B61358 /* View */ = {
			isa = PBXGroup;
			children = (
				7EA966082CAF505000B61358 /* DetailsView.swift */,
			);
			path = View;
			sourceTree = "<group>";
		};
/* End PBXGroup section */

/* Begin PBXNativeTarget section */
		7E0494D52CAF3CC80092D7AD /* Liverpool_App */ = {
			isa = PBXNativeTarget;
			buildConfigurationList = 7E0494E52CAF3CC90092D7AD /* Build configuration list for PBXNativeTarget "Liverpool_App" */;
			buildPhases = (
				7E0494D22CAF3CC80092D7AD /* Sources */,
				7E0494D32CAF3CC80092D7AD /* Frameworks */,
				7E0494D42CAF3CC80092D7AD /* Resources */,
			);
			buildRules = (
			);
			dependencies = (
			);
			name = Liverpool_App;
			packageProductDependencies = (
				7EA965BA2CAF41D200B61358 /* FirebaseAnalytics */,
				7EA965BC2CAF41D200B61358 /* FirebaseAnalyticsOnDeviceConversion */,
				7EA965BE2CAF41D200B61358 /* FirebaseAnalyticsWithoutAdIdSupport */,
				7EA965C02CAF41D200B61358 /* FirebaseAppCheck */,
				7EA965C22CAF41D200B61358 /* FirebaseAppDistribution-Beta */,
				7EA965C42CAF41D200B61358 /* FirebaseAuth */,
				7EA965C62CAF41D200B61358 /* FirebaseAuthCombine-Community */,
				7EA965C82CAF41D200B61358 /* FirebaseCore */,
				7EA965CA2CAF41D200B61358 /* FirebaseCrashlytics */,
				7EA965CC2CAF41D200B61358 /* FirebaseDatabase */,
				7EA965CE2CAF41D200B61358 /* FirebaseDynamicLinks */,
				7EA965D02CAF41D200B61358 /* FirebaseFirestore */,
				7EA965D22CAF41D200B61358 /* FirebaseFirestoreCombine-Community */,
				7EA965D42CAF41D200B61358 /* FirebaseFunctions */,
				7EA965D62CAF41D200B61358 /* FirebaseFunctionsCombine-Community */,
				7EA965D82CAF41D200B61358 /* FirebaseInAppMessaging-Beta */,
				7EA965DA2CAF41D200B61358 /* FirebaseInstallations */,
				7EA965DC2CAF41D200B61358 /* FirebaseMLModelDownloader */,
				7EA965DE2CAF41D200B61358 /* FirebaseMessaging */,
				7EA965E02CAF41D200B61358 /* FirebasePerformance */,
				7EA965E22CAF41D200B61358 /* FirebaseRemoteConfig */,
				7EA965E42CAF41D200B61358 /* FirebaseStorage */,
				7EA965E62CAF41D200B61358 /* FirebaseStorageCombine-Community */,
				7EA965E82CAF41D200B61358 /* FirebaseVertexAI-Preview */,
			);
			productName = Liverpool_App;
			productReference = 7E0494D62CAF3CC80092D7AD /* Liverpool_App.app */;
			productType = "com.apple.product-type.application";
		};
/* End PBXNativeTarget section */

/* Begin PBXProject section */
		7E0494CE2CAF3CC80092D7AD /* Project object */ = {
			isa = PBXProject;
			attributes = {
				BuildIndependentTargetsInParallel = 1;
				LastSwiftUpdateCheck = 1430;
				LastUpgradeCheck = 1430;
				TargetAttributes = {
					7E0494D52CAF3CC80092D7AD = {
						CreatedOnToolsVersion = 14.3;
					};
				};
			};
			buildConfigurationList = 7E0494D12CAF3CC80092D7AD /* Build configuration list for PBXProject "Liverpool_App" */;
			compatibilityVersion = "Xcode 14.0";
			developmentRegion = en;
			hasScannedForEncodings = 0;
			knownRegions = (
				en,
				Base,
			);
			mainGroup = 7E0494CD2CAF3CC80092D7AD;
			packageReferences = (
				7EA965B92CAF41D200B61358 /* XCRemoteSwiftPackageReference "firebase-ios-sdk" */,
			);
			productRefGroup = 7E0494D72CAF3CC80092D7AD /* Products */;
			projectDirPath = "";
			projectRoot = "";
			targets = (
				7E0494D52CAF3CC80092D7AD /* Liverpool_App */,
			);
		};
/* End PBXProject section */

/* Begin PBXResourcesBuildPhase section */
		7E0494D42CAF3CC80092D7AD /* Resources */ = {
			isa = PBXResourcesBuildPhase;
			buildActionMask = 2147483647;
			files = (
				7E0494E22CAF3CC90092D7AD /* Preview Assets.xcassets in Resources */,
				7E0494DE2CAF3CC90092D7AD /* Assets.xcassets in Resources */,
				7E0494E92CAF3F820092D7AD /* GoogleService-Info.plist in Resources */,
			);
			runOnlyForDeploymentPostprocessing = 0;
		};
/* End PBXResourcesBuildPhase section */

/* Begin PBXSourcesBuildPhase section */
		7E0494D22CAF3CC80092D7AD /* Sources */ = {
			isa = PBXSourcesBuildPhase;
			buildActionMask = 2147483647;
			files = (
				7EA965F12CAF450800B61358 /* LoginViewModel.swift in Sources */,
				7EA966032CAF4F5700B61358 /* DetailsModel.swift in Sources */,
				7EA965F92CAF4C2D00B61358 /* FirestoreDataSource.swift in Sources */,
				7EA965EE2CAF44E800B61358 /* LoginView.swift in Sources */,
				7EA965FC2CAF4C5600B61358 /* MainModel.swift in Sources */,
				7E0494DC2CAF3CC80092D7AD /* ContentView.swift in Sources */,
				7EA966092CAF505000B61358 /* DetailsView.swift in Sources */,
				7EA965F42CAF480B00B61358 /* MainView.swift in Sources */,
				7EA966062CAF4FC000B61358 /* DetailsViewModel.swift in Sources */,
				7E0494DA2CAF3CC80092D7AD /* Liverpool_AppApp.swift in Sources */,
				7EA965FF2CAF4E5E00B61358 /* MainViewModel.swift in Sources */,
			);
			runOnlyForDeploymentPostprocessing = 0;
		};
/* End PBXSourcesBuildPhase section */

/* Begin XCBuildConfiguration section */
		7E0494E32CAF3CC90092D7AD /* Debug */ = {
			isa = XCBuildConfiguration;
			buildSettings = {
				ALWAYS_SEARCH_USER_PATHS = NO;
				CLANG_ANALYZER_NONNULL = YES;
				CLANG_ANALYZER_NUMBER_OBJECT_CONVERSION = YES_AGGRESSIVE;
				CLANG_CXX_LANGUAGE_STANDARD = "gnu++20";
				CLANG_ENABLE_MODULES = YES;
				CLANG_ENABLE_OBJC_ARC = YES;
				CLANG_ENABLE_OBJC_WEAK = YES;
				CLANG_WARN_BLOCK_CAPTURE_AUTORELEASING = YES;
				CLANG_WARN_BOOL_CONVERSION = YES;
				CLANG_WARN_COMMA = YES;
				CLANG_WARN_CONSTANT_CONVERSION = YES;
				CLANG_WARN_DEPRECATED_OBJC_IMPLEMENTATIONS = YES;
				CLANG_WARN_DIRECT_OBJC_ISA_USAGE = YES_ERROR;
				CLANG_WARN_DOCUMENTATION_COMMENTS = YES;
				CLANG_WARN_EMPTY_BODY = YES;
				CLANG_WARN_ENUM_CONVERSION = YES;
				CLANG_WARN_INFINITE_RECURSION = YES;
				CLANG_WARN_INT_CONVERSION = YES;
				CLANG_WARN_NON_LITERAL_NULL_CONVERSION = YES;
				CLANG_WARN_OBJC_IMPLICIT_RETAIN_SELF = YES;
				CLANG_WARN_OBJC_LITERAL_CONVERSION = YES;
				CLANG_WARN_OBJC_ROOT_CLASS = YES_ERROR;
				CLANG_WARN_QUOTED_INCLUDE_IN_FRAMEWORK_HEADER = YES;
				CLANG_WARN_RANGE_LOOP_ANALYSIS = YES;
				CLANG_WARN_STRICT_PROTOTYPES = YES;
				CLANG_WARN_SUSPICIOUS_MOVE = YES;
				CLANG_WARN_UNGUARDED_AVAILABILITY = YES_AGGRESSIVE;
				CLANG_WARN_UNREACHABLE_CODE = YES;
				CLANG_WARN__DUPLICATE_METHOD_MATCH = YES;
				COPY_PHASE_STRIP = NO;
				DEBUG_INFORMATION_FORMAT = dwarf;
				ENABLE_STRICT_OBJC_MSGSEND = YES;
				ENABLE_TESTABILITY = YES;
				GCC_C_LANGUAGE_STANDARD = gnu11;
				GCC_DYNAMIC_NO_PIC = NO;
				GCC_NO_COMMON_BLOCKS = YES;
				GCC_OPTIMIZATION_LEVEL = 0;
				GCC_PREPROCESSOR_DEFINITIONS = (
					"DEBUG=1",
					"$(inherited)",
				);
				GCC_WARN_64_TO_32_BIT_CONVERSION = YES;
				GCC_WARN_ABOUT_RETURN_TYPE = YES_ERROR;
				GCC_WARN_UNDECLARED_SELECTOR = YES;
				GCC_WARN_UNINITIALIZED_AUTOS = YES_AGGRESSIVE;
				GCC_WARN_UNUSED_FUNCTION = YES;
				GCC_WARN_UNUSED_VARIABLE = YES;
				MTL_ENABLE_DEBUG_INFO = INCLUDE_SOURCE;
				MTL_FAST_MATH = YES;
				ONLY_ACTIVE_ARCH = YES;
				SWIFT_ACTIVE_COMPILATION_CONDITIONS = DEBUG;
				SWIFT_OPTIMIZATION_LEVEL = "-Onone";
			};
			name = Debug;
		};
		7E0494E42CAF3CC90092D7AD /* Release */ = {
			isa = XCBuildConfiguration;
			buildSettings = {
				ALWAYS_SEARCH_USER_PATHS = NO;
				CLANG_ANALYZER_NONNULL = YES;
				CLANG_ANALYZER_NUMBER_OBJECT_CONVERSION = YES_AGGRESSIVE;
				CLANG_CXX_LANGUAGE_STANDARD = "gnu++20";
				CLANG_ENABLE_MODULES = YES;
				CLANG_ENABLE_OBJC_ARC = YES;
				CLANG_ENABLE_OBJC_WEAK = YES;
				CLANG_WARN_BLOCK_CAPTURE_AUTORELEASING = YES;
				CLANG_WARN_BOOL_CONVERSION = YES;
				CLANG_WARN_COMMA = YES;
				CLANG_WARN_CONSTANT_CONVERSION = YES;
				CLANG_WARN_DEPRECATED_OBJC_IMPLEMENTATIONS = YES;
				CLANG_WARN_DIRECT_OBJC_ISA_USAGE = YES_ERROR;
				CLANG_WARN_DOCUMENTATION_COMMENTS = YES;
				CLANG_WARN_EMPTY_BODY = YES;
				CLANG_WARN_ENUM_CONVERSION = YES;
				CLANG_WARN_INFINITE_RECURSION = YES;
				CLANG_WARN_INT_CONVERSION = YES;
				CLANG_WARN_NON_LITERAL_NULL_CONVERSION = YES;
				CLANG_WARN_OBJC_IMPLICIT_RETAIN_SELF = YES;
				CLANG_WARN_OBJC_LITERAL_CONVERSION = YES;
				CLANG_WARN_OBJC_ROOT_CLASS = YES_ERROR;
				CLANG_WARN_QUOTED_INCLUDE_IN_FRAMEWORK_HEADER = YES;
				CLANG_WARN_RANGE_LOOP_ANALYSIS = YES;
				CLANG_WARN_STRICT_PROTOTYPES = YES;
				CLANG_WARN_SUSPICIOUS_MOVE = YES;
				CLANG_WARN_UNGUARDED_AVAILABILITY = YES_AGGRESSIVE;
				CLANG_WARN_UNREACHABLE_CODE = YES;
				CLANG_WARN__DUPLICATE_METHOD_MATCH = YES;
				COPY_PHASE_STRIP = NO;
				DEBUG_INFORMATION_FORMAT = "dwarf-with-dsym";
				ENABLE_NS_ASSERTIONS = NO;
				ENABLE_STRICT_OBJC_MSGSEND = YES;
				GCC_C_LANGUAGE_STANDARD = gnu11;
				GCC_NO_COMMON_BLOCKS = YES;
				GCC_WARN_64_TO_32_BIT_CONVERSION = YES;
				GCC_WARN_ABOUT_RETURN_TYPE = YES_ERROR;
				GCC_WARN_UNDECLARED_SELECTOR = YES;
				GCC_WARN_UNINITIALIZED_AUTOS = YES_AGGRESSIVE;
				GCC_WARN_UNUSED_FUNCTION = YES;
				GCC_WARN_UNUSED_VARIABLE = YES;
				MTL_ENABLE_DEBUG_INFO = NO;
				MTL_FAST_MATH = YES;
				SWIFT_COMPILATION_MODE = wholemodule;
				SWIFT_OPTIMIZATION_LEVEL = "-O";
			};
			name = Release;
		};
		7E0494E62CAF3CC90092D7AD /* Debug */ = {
			isa = XCBuildConfiguration;
			buildSettings = {
				ASSETCATALOG_COMPILER_APPICON_NAME = AppIcon;
				ASSETCATALOG_COMPILER_GLOBAL_ACCENT_COLOR_NAME = AccentColor;
				CODE_SIGN_ENTITLEMENTS = Liverpool_App/Liverpool_App.entitlements;
				CODE_SIGN_STYLE = Automatic;
				CURRENT_PROJECT_VERSION = 1;
				DEVELOPMENT_ASSET_PATHS = "\"Liverpool_App/Preview Content\"";
				DEVELOPMENT_TEAM = A5449499J2;
				ENABLE_HARDENED_RUNTIME = YES;
				ENABLE_PREVIEWS = YES;
				GENERATE_INFOPLIST_FILE = YES;
				"INFOPLIST_KEY_UIApplicationSceneManifest_Generation[sdk=iphoneos*]" = YES;
				"INFOPLIST_KEY_UIApplicationSceneManifest_Generation[sdk=iphonesimulator*]" = YES;
				"INFOPLIST_KEY_UIApplicationSupportsIndirectInputEvents[sdk=iphoneos*]" = YES;
				"INFOPLIST_KEY_UIApplicationSupportsIndirectInputEvents[sdk=iphonesimulator*]" = YES;
				"INFOPLIST_KEY_UILaunchScreen_Generation[sdk=iphoneos*]" = YES;
				"INFOPLIST_KEY_UILaunchScreen_Generation[sdk=iphonesimulator*]" = YES;
				"INFOPLIST_KEY_UIStatusBarStyle[sdk=iphoneos*]" = UIStatusBarStyleDefault;
				"INFOPLIST_KEY_UIStatusBarStyle[sdk=iphonesimulator*]" = UIStatusBarStyleDefault;
				INFOPLIST_KEY_UISupportedInterfaceOrientations_iPad = "UIInterfaceOrientationPortrait UIInterfaceOrientationPortraitUpsideDown UIInterfaceOrientationLandscapeLeft UIInterfaceOrientationLandscapeRight";
				INFOPLIST_KEY_UISupportedInterfaceOrientations_iPhone = "UIInterfaceOrientationPortrait UIInterfaceOrientationLandscapeLeft UIInterfaceOrientationLandscapeRight";
				IPHONEOS_DEPLOYMENT_TARGET = 16.4;
				LD_RUNPATH_SEARCH_PATHS = "@executable_path/Frameworks";
				"LD_RUNPATH_SEARCH_PATHS[sdk=macosx*]" = "@executable_path/../Frameworks";
				MACOSX_DEPLOYMENT_TARGET = 13.3;
				MARKETING_VERSION = 1.0;
				PRODUCT_BUNDLE_IDENTIFIER = "com.liverpool.Liverpool-App";
				PRODUCT_NAME = "$(TARGET_NAME)";
				SDKROOT = auto;
				SUPPORTED_PLATFORMS = "iphoneos iphonesimulator macosx";
				SWIFT_EMIT_LOC_STRINGS = YES;
				SWIFT_VERSION = 5.0;
				TARGETED_DEVICE_FAMILY = "1,2";
			};
			name = Debug;
		};
		7E0494E72CAF3CC90092D7AD /* Release */ = {
			isa = XCBuildConfiguration;
			buildSettings = {
				ASSETCATALOG_COMPILER_APPICON_NAME = AppIcon;
				ASSETCATALOG_COMPILER_GLOBAL_ACCENT_COLOR_NAME = AccentColor;
				CODE_SIGN_ENTITLEMENTS = Liverpool_App/Liverpool_App.entitlements;
				CODE_SIGN_STYLE = Automatic;
				CURRENT_PROJECT_VERSION = 1;
				DEVELOPMENT_ASSET_PATHS = "\"Liverpool_App/Preview Content\"";
				DEVELOPMENT_TEAM = A5449499J2;
				ENABLE_HARDENED_RUNTIME = YES;
				ENABLE_PREVIEWS = YES;
				GENERATE_INFOPLIST_FILE = YES;
				"INFOPLIST_KEY_UIApplicationSceneManifest_Generation[sdk=iphoneos*]" = YES;
				"INFOPLIST_KEY_UIApplicationSceneManifest_Generation[sdk=iphonesimulator*]" = YES;
				"INFOPLIST_KEY_UIApplicationSupportsIndirectInputEvents[sdk=iphoneos*]" = YES;
				"INFOPLIST_KEY_UIApplicationSupportsIndirectInputEvents[sdk=iphonesimulator*]" = YES;
				"INFOPLIST_KEY_UILaunchScreen_Generation[sdk=iphoneos*]" = YES;
				"INFOPLIST_KEY_UILaunchScreen_Generation[sdk=iphonesimulator*]" = YES;
				"INFOPLIST_KEY_UIStatusBarStyle[sdk=iphoneos*]" = UIStatusBarStyleDefault;
				"INFOPLIST_KEY_UIStatusBarStyle[sdk=iphonesimulator*]" = UIStatusBarStyleDefault;
				INFOPLIST_KEY_UISupportedInterfaceOrientations_iPad = "UIInterfaceOrientationPortrait UIInterfaceOrientationPortraitUpsideDown UIInterfaceOrientationLandscapeLeft UIInterfaceOrientationLandscapeRight";
				INFOPLIST_KEY_UISupportedInterfaceOrientations_iPhone = "UIInterfaceOrientationPortrait UIInterfaceOrientationLandscapeLeft UIInterfaceOrientationLandscapeRight";
				IPHONEOS_DEPLOYMENT_TARGET = 16.4;
				LD_RUNPATH_SEARCH_PATHS = "@executable_path/Frameworks";
				"LD_RUNPATH_SEARCH_PATHS[sdk=macosx*]" = "@executable_path/../Frameworks";
				MACOSX_DEPLOYMENT_TARGET = 13.3;
				MARKETING_VERSION = 1.0;
				PRODUCT_BUNDLE_IDENTIFIER = "com.liverpool.Liverpool-App";
				PRODUCT_NAME = "$(TARGET_NAME)";
				SDKROOT = auto;
				SUPPORTED_PLATFORMS = "iphoneos iphonesimulator macosx";
				SWIFT_EMIT_LOC_STRINGS = YES;
				SWIFT_VERSION = 5.0;
				TARGETED_DEVICE_FAMILY = "1,2";
			};
			name = Release;
		};
/* End XCBuildConfiguration section */

/* Begin XCConfigurationList section */
		7E0494D12CAF3CC80092D7AD /* Build configuration list for PBXProject "Liverpool_App" */ = {
			isa = XCConfigurationList;
			buildConfigurations = (
				7E0494E32CAF3CC90092D7AD /* Debug */,
				7E0494E42CAF3CC90092D7AD /* Release */,
			);
			defaultConfigurationIsVisible = 0;
			defaultConfigurationName = Release;
		};
		7E0494E52CAF3CC90092D7AD /* Build configuration list for PBXNativeTarget "Liverpool_App" */ = {
			isa = XCConfigurationList;
			buildConfigurations = (
				7E0494E62CAF3CC90092D7AD /* Debug */,
				7E0494E72CAF3CC90092D7AD /* Release */,
			);
			defaultConfigurationIsVisible = 0;
			defaultConfigurationName = Release;
		};
/* End XCConfigurationList section */

/* Begin XCRemoteSwiftPackageReference section */
		7EA965B92CAF41D200B61358 /* XCRemoteSwiftPackageReference "firebase-ios-sdk" */ = {
			isa = XCRemoteSwiftPackageReference;
			repositoryURL = "https://github.com/firebase/firebase-ios-sdk";
			requirement = {
				kind = upToNextMajorVersion;
				minimumVersion = 11.3.0;
			};
		};
/* End XCRemoteSwiftPackageReference section */

/* Begin XCSwiftPackageProductDependency section */
		7EA965BA2CAF41D200B61358 /* FirebaseAnalytics */ = {
			isa = XCSwiftPackageProductDependency;
			package = 7EA965B92CAF41D200B61358 /* XCRemoteSwiftPackageReference "firebase-ios-sdk" */;
			productName = FirebaseAnalytics;
		};
		7EA965BC2CAF41D200B61358 /* FirebaseAnalyticsOnDeviceConversion */ = {
			isa = XCSwiftPackageProductDependency;
			package = 7EA965B92CAF41D200B61358 /* XCRemoteSwiftPackageReference "firebase-ios-sdk" */;
			productName = FirebaseAnalyticsOnDeviceConversion;
		};
		7EA965BE2CAF41D200B61358 /* FirebaseAnalyticsWithoutAdIdSupport */ = {
			isa = XCSwiftPackageProductDependency;
			package = 7EA965B92CAF41D200B61358 /* XCRemoteSwiftPackageReference "firebase-ios-sdk" */;
			productName = FirebaseAnalyticsWithoutAdIdSupport;
		};
		7EA965C02CAF41D200B61358 /* FirebaseAppCheck */ = {
			isa = XCSwiftPackageProductDependency;
			package = 7EA965B92CAF41D200B61358 /* XCRemoteSwiftPackageReference "firebase-ios-sdk" */;
			productName = FirebaseAppCheck;
		};
		7EA965C22CAF41D200B61358 /* FirebaseAppDistribution-Beta */ = {
			isa = XCSwiftPackageProductDependency;
			package = 7EA965B92CAF41D200B61358 /* XCRemoteSwiftPackageReference "firebase-ios-sdk" */;
			productName = "FirebaseAppDistribution-Beta";
		};
		7EA965C42CAF41D200B61358 /* FirebaseAuth */ = {
			isa = XCSwiftPackageProductDependency;
			package = 7EA965B92CAF41D200B61358 /* XCRemoteSwiftPackageReference "firebase-ios-sdk" */;
			productName = FirebaseAuth;
		};
		7EA965C62CAF41D200B61358 /* FirebaseAuthCombine-Community */ = {
			isa = XCSwiftPackageProductDependency;
			package = 7EA965B92CAF41D200B61358 /* XCRemoteSwiftPackageReference "firebase-ios-sdk" */;
			productName = "FirebaseAuthCombine-Community";
		};
		7EA965C82CAF41D200B61358 /* FirebaseCore */ = {
			isa = XCSwiftPackageProductDependency;
			package = 7EA965B92CAF41D200B61358 /* XCRemoteSwiftPackageReference "firebase-ios-sdk" */;
			productName = FirebaseCore;
		};
		7EA965CA2CAF41D200B61358 /* FirebaseCrashlytics */ = {
			isa = XCSwiftPackageProductDependency;
			package = 7EA965B92CAF41D200B61358 /* XCRemoteSwiftPackageReference "firebase-ios-sdk" */;
			productName = FirebaseCrashlytics;
		};
		7EA965CC2CAF41D200B61358 /* FirebaseDatabase */ = {
			isa = XCSwiftPackageProductDependency;
			package = 7EA965B92CAF41D200B61358 /* XCRemoteSwiftPackageReference "firebase-ios-sdk" */;
			productName = FirebaseDatabase;
		};
		7EA965CE2CAF41D200B61358 /* FirebaseDynamicLinks */ = {
			isa = XCSwiftPackageProductDependency;
			package = 7EA965B92CAF41D200B61358 /* XCRemoteSwiftPackageReference "firebase-ios-sdk" */;
			productName = FirebaseDynamicLinks;
		};
		7EA965D02CAF41D200B61358 /* FirebaseFirestore */ = {
			isa = XCSwiftPackageProductDependency;
			package = 7EA965B92CAF41D200B61358 /* XCRemoteSwiftPackageReference "firebase-ios-sdk" */;
			productName = FirebaseFirestore;
		};
		7EA965D22CAF41D200B61358 /* FirebaseFirestoreCombine-Community */ = {
			isa = XCSwiftPackageProductDependency;
			package = 7EA965B92CAF41D200B61358 /* XCRemoteSwiftPackageReference "firebase-ios-sdk" */;
			productName = "FirebaseFirestoreCombine-Community";
		};
		7EA965D42CAF41D200B61358 /* FirebaseFunctions */ = {
			isa = XCSwiftPackageProductDependency;
			package = 7EA965B92CAF41D200B61358 /* XCRemoteSwiftPackageReference "firebase-ios-sdk" */;
			productName = FirebaseFunctions;
		};
		7EA965D62CAF41D200B61358 /* FirebaseFunctionsCombine-Community */ = {
			isa = XCSwiftPackageProductDependency;
			package = 7EA965B92CAF41D200B61358 /* XCRemoteSwiftPackageReference "firebase-ios-sdk" */;
			productName = "FirebaseFunctionsCombine-Community";
		};
		7EA965D82CAF41D200B61358 /* FirebaseInAppMessaging-Beta */ = {
			isa = XCSwiftPackageProductDependency;
			package = 7EA965B92CAF41D200B61358 /* XCRemoteSwiftPackageReference "firebase-ios-sdk" */;
			productName = "FirebaseInAppMessaging-Beta";
		};
		7EA965DA2CAF41D200B61358 /* FirebaseInstallations */ = {
			isa = XCSwiftPackageProductDependency;
			package = 7EA965B92CAF41D200B61358 /* XCRemoteSwiftPackageReference "firebase-ios-sdk" */;
			productName = FirebaseInstallations;
		};
		7EA965DC2CAF41D200B61358 /* FirebaseMLModelDownloader */ = {
			isa = XCSwiftPackageProductDependency;
			package = 7EA965B92CAF41D200B61358 /* XCRemoteSwiftPackageReference "firebase-ios-sdk" */;
			productName = FirebaseMLModelDownloader;
		};
		7EA965DE2CAF41D200B61358 /* FirebaseMessaging */ = {
			isa = XCSwiftPackageProductDependency;
			package = 7EA965B92CAF41D200B61358 /* XCRemoteSwiftPackageReference "firebase-ios-sdk" */;
			productName = FirebaseMessaging;
		};
		7EA965E02CAF41D200B61358 /* FirebasePerformance */ = {
			isa = XCSwiftPackageProductDependency;
			package = 7EA965B92CAF41D200B61358 /* XCRemoteSwiftPackageReference "firebase-ios-sdk" */;
			productName = FirebasePerformance;
		};
		7EA965E22CAF41D200B61358 /* FirebaseRemoteConfig */ = {
			isa = XCSwiftPackageProductDependency;
			package = 7EA965B92CAF41D200B61358 /* XCRemoteSwiftPackageReference "firebase-ios-sdk" */;
			productName = FirebaseRemoteConfig;
		};
		7EA965E42CAF41D200B61358 /* FirebaseStorage */ = {
			isa = XCSwiftPackageProductDependency;
			package = 7EA965B92CAF41D200B61358 /* XCRemoteSwiftPackageReference "firebase-ios-sdk" */;
			productName = FirebaseStorage;
		};
		7EA965E62CAF41D200B61358 /* FirebaseStorageCombine-Community */ = {
			isa = XCSwiftPackageProductDependency;
			package = 7EA965B92CAF41D200B61358 /* XCRemoteSwiftPackageReference "firebase-ios-sdk" */;
			productName = "FirebaseStorageCombine-Community";
		};
		7EA965E82CAF41D200B61358 /* FirebaseVertexAI-Preview */ = {
			isa = XCSwiftPackageProductDependency;
			package = 7EA965B92CAF41D200B61358 /* XCRemoteSwiftPackageReference "firebase-ios-sdk" */;
			productName = "FirebaseVertexAI-Preview";
		};
/* End XCSwiftPackageProductDependency section */
	};
	rootObject = 7E0494CE2CAF3CC80092D7AD /* Project object */;
}
